// !$*UTF8*$!
{
	archiveVersion = 1;
	classes = {
	};
	objectVersion = 50;
	objects = {

/* Begin PBXBuildFile section */
		CA09C638242BB5A600300E32 /* AppDelegate.swift in Sources */ = {isa = PBXBuildFile; fileRef = CA09C637242BB5A600300E32 /* AppDelegate.swift */; };
		CA09C63A242BB5A600300E32 /* SceneDelegate.swift in Sources */ = {isa = PBXBuildFile; fileRef = CA09C639242BB5A600300E32 /* SceneDelegate.swift */; };
		CA09C63C242BB5A600300E32 /* ContentView.swift in Sources */ = {isa = PBXBuildFile; fileRef = CA09C63B242BB5A600300E32 /* ContentView.swift */; };
		CA09C63E242BB5A800300E32 /* Assets.xcassets in Resources */ = {isa = PBXBuildFile; fileRef = CA09C63D242BB5A800300E32 /* Assets.xcassets */; };
		CA09C641242BB5A800300E32 /* Preview Assets.xcassets in Resources */ = {isa = PBXBuildFile; fileRef = CA09C640242BB5A800300E32 /* Preview Assets.xcassets */; };
		CA09C644242BB5A800300E32 /* LaunchScreen.storyboard in Resources */ = {isa = PBXBuildFile; fileRef = CA09C642242BB5A800300E32 /* LaunchScreen.storyboard */; };
		CA09C64C242BBCBC00300E32 /* PetalView.swift in Sources */ = {isa = PBXBuildFile; fileRef = CA09C64B242BBCBC00300E32 /* PetalView.swift */; };
		CA09C654242BD8E100300E32 /* ActivityIndicatorView.swift in Sources */ = {isa = PBXBuildFile; fileRef = CA09C653242BD8E100300E32 /* ActivityIndicatorView.swift */; };
		CAC4FF992433F60F00D3D68F /* DisplayView.swift in Sources */ = {isa = PBXBuildFile; fileRef = CAC4FF982433F60F00D3D68F /* DisplayView.swift */; };
/* End PBXBuildFile section */

/* Begin PBXFileReference section */
		CA09C634242BB5A600300E32 /* ActivityIndicator.app */ = {isa = PBXFileReference; explicitFileType = wrapper.application; includeInIndex = 0; path = ActivityIndicator.app; sourceTree = BUILT_PRODUCTS_DIR; };
		CA09C637242BB5A600300E32 /* AppDelegate.swift */ = {isa = PBXFileReference; lastKnownFileType = sourcecode.swift; path = AppDelegate.swift; sourceTree = "<group>"; };
		CA09C639242BB5A600300E32 /* SceneDelegate.swift */ = {isa = PBXFileReference; lastKnownFileType = sourcecode.swift; path = SceneDelegate.swift; sourceTree = "<group>"; };
		CA09C63B242BB5A600300E32 /* ContentView.swift */ = {isa = PBXFileReference; lastKnownFileType = sourcecode.swift; path = ContentView.swift; sourceTree = "<group>"; };
		CA09C63D242BB5A800300E32 /* Assets.xcassets */ = {isa = PBXFileReference; lastKnownFileType = folder.assetcatalog; path = Assets.xcassets; sourceTree = "<group>"; };
		CA09C640242BB5A800300E32 /* Preview Assets.xcassets */ = {isa = PBXFileReference; lastKnownFileType = folder.assetcatalog; path = "Preview Assets.xcassets"; sourceTree = "<group>"; };
		CA09C643242BB5A800300E32 /* Base */ = {isa = PBXFileReference; lastKnownFileType = file.storyboard; name = Base; path = Base.lproj/LaunchScreen.storyboard; sourceTree = "<group>"; };
		CA09C645242BB5A800300E32 /* Info.plist */ = {isa = PBXFileReference; lastKnownFileType = text.plist.xml; path = Info.plist; sourceTree = "<group>"; };
		CA09C64B242BBCBC00300E32 /* PetalView.swift */ = {isa = PBXFileReference; lastKnownFileType = sourcecode.swift; path = PetalView.swift; sourceTree = "<group>"; };
		CA09C653242BD8E100300E32 /* ActivityIndicatorView.swift */ = {isa = PBXFileReference; lastKnownFileType = sourcecode.swift; path = ActivityIndicatorView.swift; sourceTree = "<group>"; };
		CAC4FF982433F60F00D3D68F /* DisplayView.swift */ = {isa = PBXFileReference; lastKnownFileType = sourcecode.swift; path = DisplayView.swift; sourceTree = "<group>"; };
/* End PBXFileReference section */

/* Begin PBXFrameworksBuildPhase section */
		CA09C631242BB5A600300E32 /* Frameworks */ = {
			isa = PBXFrameworksBuildPhase;
			buildActionMask = 2147483647;
			files = (
			);
			runOnlyForDeploymentPostprocessing = 0;
		};
/* End PBXFrameworksBuildPhase section */

/* Begin PBXGroup section */
		CA09C62B242BB5A600300E32 = {
			isa = PBXGroup;
			children = (
				CA09C636242BB5A600300E32 /* ActivityIndicator */,
				CA09C635242BB5A600300E32 /* Products */,
			);
			sourceTree = "<group>";
		};
		CA09C635242BB5A600300E32 /* Products */ = {
			isa = PBXGroup;
			children = (
				CA09C634242BB5A600300E32 /* ActivityIndicator.app */,
			);
			name = Products;
			sourceTree = "<group>";
		};
		CA09C636242BB5A600300E32 /* ActivityIndicator */ = {
			isa = PBXGroup;
			children = (
				CA09C637242BB5A600300E32 /* AppDelegate.swift */,
				CA09C639242BB5A600300E32 /* SceneDelegate.swift */,
				CA09C63B242BB5A600300E32 /* ContentView.swift */,
				CA09C64B242BBCBC00300E32 /* PetalView.swift */,
				CA09C63D242BB5A800300E32 /* Assets.xcassets */,
				CA09C642242BB5A800300E32 /* LaunchScreen.storyboard */,
				CA09C645242BB5A800300E32 /* Info.plist */,
				CA09C63F242BB5A800300E32 /* Preview Content */,
				CA09C653242BD8E100300E32 /* ActivityIndicatorView.swift */,
				CAC4FF982433F60F00D3D68F /* DisplayView.swift */,
			);
			path = ActivityIndicator;
			sourceTree = "<group>";
		};
		CA09C63F242BB5A800300E32 /* Preview Content */ = {
			isa = PBXGroup;
			children = (
				CA09C640242BB5A800300E32 /* Preview Assets.xcassets */,
			);
			path = "Preview Content";
			sourceTree = "<group>";
		};
/* End PBXGroup section */

/* Begin PBXNativeTarget section */
		CA09C633242BB5A600300E32 /* ActivityIndicator */ = {
			isa = PBXNativeTarget;
			buildConfigurationList = CA09C648242BB5A800300E32 /* Build configuration list for PBXNativeTarget "ActivityIndicator" */;
			buildPhases = (
				CA09C630242BB5A600300E32 /* Sources */,
				CA09C631242BB5A600300E32 /* Frameworks */,
				CA09C632242BB5A600300E32 /* Resources */,
			);
			buildRules = (
			);
			dependencies = (
			);
			name = ActivityIndicator;
			productName = ActivityIndicator;
			productReference = CA09C634242BB5A600300E32 /* ActivityIndicator.app */;
			productType = "com.apple.product-type.application";
		};
/* End PBXNativeTarget section */

/* Begin PBXProject section */
		CA09C62C242BB5A600300E32 /* Project object */ = {
			isa = PBXProject;
			attributes = {
				LastSwiftUpdateCheck = 1130;
				LastUpgradeCheck = 1130;
				ORGANIZATIONNAME = "Carlos De la Mora";
				TargetAttributes = {
					CA09C633242BB5A600300E32 = {
						CreatedOnToolsVersion = 11.3.1;
					};
				};
			};
			buildConfigurationList = CA09C62F242BB5A600300E32 /* Build configuration list for PBXProject "ActivityIndicator" */;
			compatibilityVersion = "Xcode 9.3";
			developmentRegion = en;
			hasScannedForEncodings = 0;
			knownRegions = (
				en,
				Base,
			);
			mainGroup = CA09C62B242BB5A600300E32;
			productRefGroup = CA09C635242BB5A600300E32 /* Products */;
			projectDirPath = "";
			projectRoot = "";
			targets = (
				CA09C633242BB5A600300E32 /* ActivityIndicator */,
			);
		};
/* End PBXProject section */

/* Begin PBXResourcesBuildPhase section */
		CA09C632242BB5A600300E32 /* Resources */ = {
			isa = PBXResourcesBuildPhase;
			buildActionMask = 2147483647;
			files = (
				CA09C644242BB5A800300E32 /* LaunchScreen.storyboard in Resources */,
				CA09C641242BB5A800300E32 /* Preview Assets.xcassets in Resources */,
				CA09C63E242BB5A800300E32 /* Assets.xcassets in Resources */,
			);
			runOnlyForDeploymentPostprocessing = 0;
		};
/* End PBXResourcesBuildPhase section */

/* Begin PBXSourcesBuildPhase section */
		CA09C630242BB5A600300E32 /* Sources */ = {
			isa = PBXSourcesBuildPhase;
			buildActionMask = 2147483647;
			files = (
				CA09C638242BB5A600300E32 /* AppDelegate.swift in Sources */,
				CA09C654242BD8E100300E32 /* ActivityIndicatorView.swift in Sources */,
				CA09C63A242BB5A600300E32 /* SceneDelegate.swift in Sources */,
				CAC4FF992433F60F00D3D68F /* DisplayView.swift in Sources */,
				CA09C63C242BB5A600300E32 /* ContentView.swift in Sources */,
				CA09C64C242BBCBC00300E32 /* PetalView.swift in Sources */,
			);
			runOnlyForDeploymentPostprocessing = 0;
		};
/* End PBXSourcesBuildPhase section */

/* Begin PBXVariantGroup section */
		CA09C642242BB5A800300E32 /* LaunchScreen.storyboard */ = {
			isa = PBXVariantGroup;
			children = (
				CA09C643242BB5A800300E32 /* Base */,
			);
			name = LaunchScreen.storyboard;
			sourceTree = "<group>";
		};
/* End PBXVariantGroup section */

/* Begin XCBuildConfiguration section */
		CA09C646242BB5A800300E32 /* Debug */ = {
			isa = XCBuildConfiguration;
			buildSettings = {
				ALWAYS_SEARCH_USER_PATHS = NO;
				CLANG_ANALYZER_NONNULL = YES;
				CLANG_ANALYZER_NUMBER_OBJECT_CONVERSION = YES_AGGRESSIVE;
				CLANG_CXX_LANGUAGE_STANDARD = "gnu++14";
				CLANG_CXX_LIBRARY = "libc++";
				CLANG_ENABLE_MODULES = YES;
				CLANG_ENABLE_OBJC_ARC = YES;
				CLANG_ENABLE_OBJC_WEAK = YES;
				CLANG_WARN_BLOCK_CAPTURE_AUTORELEASING = YES;
				CLANG_WARN_BOOL_CONVERSION = YES;
				CLANG_WARN_COMMA = YES;
				CLANG_WARN_CONSTANT_CONVERSION = YES;
				CLANG_WARN_DEPRECATED_OBJC_IMPLEMENTATIONS = YES;
				CLANG_WARN_DIRECT_OBJC_ISA_USAGE = YES_ERROR;
				CLANG_WARN_DOCUMENTATION_COMMENTS = YES;
				CLANG_WARN_EMPTY_BODY = YES;
				CLANG_WARN_ENUM_CONVERSION = YES;
				CLANG_WARN_INFINITE_RECURSION = YES;
				CLANG_WARN_INT_CONVERSION = YES;
				CLANG_WARN_NON_LITERAL_NULL_CONVERSION = YES;
				CLANG_WARN_OBJC_IMPLICIT_RETAIN_SELF = YES;
				CLANG_WARN_OBJC_LITERAL_CONVERSION = YES;
				CLANG_WARN_OBJC_ROOT_CLASS = YES_ERROR;
				CLANG_WARN_RANGE_LOOP_ANALYSIS = YES;
				CLANG_WARN_STRICT_PROTOTYPES = YES;
				CLANG_WARN_SUSPICIOUS_MOVE = YES;
				CLANG_WARN_UNGUARDED_AVAILABILITY = YES_AGGRESSIVE;
				CLANG_WARN_UNREACHABLE_CODE = YES;
				CLANG_WARN__DUPLICATE_METHOD_MATCH = YES;
				COPY_PHASE_STRIP = NO;
				DEBUG_INFORMATION_FORMAT = dwarf;
				ENABLE_STRICT_OBJC_MSGSEND = YES;
				ENABLE_TESTABILITY = YES;
				GCC_C_LANGUAGE_STANDARD = gnu11;
				GCC_DYNAMIC_NO_PIC = NO;
				GCC_NO_COMMON_BLOCKS = YES;
				GCC_OPTIMIZATION_LEVEL = 0;
				GCC_PREPROCESSOR_DEFINITIONS = (
					"DEBUG=1",
					"$(inherited)",
				);
				GCC_WARN_64_TO_32_BIT_CONVERSION = YES;
				GCC_WARN_ABOUT_RETURN_TYPE = YES_ERROR;
				GCC_WARN_UNDECLARED_SELECTOR = YES;
				GCC_WARN_UNINITIALIZED_AUTOS = YES_AGGRESSIVE;
				GCC_WARN_UNUSED_FUNCTION = YES;
				GCC_WARN_UNUSED_VARIABLE = YES;
				IPHONEOS_DEPLOYMENT_TARGET = 13.2;
				MTL_ENABLE_DEBUG_INFO = INCLUDE_SOURCE;
				MTL_FAST_MATH = YES;
				ONLY_ACTIVE_ARCH = YES;
				SDKROOT = iphoneos;
				SWIFT_ACTIVE_COMPILATION_CONDITIONS = DEBUG;
				SWIFT_OPTIMIZATION_LEVEL = "-Onone";
			};
			name = Debug;
		};
		CA09C647242BB5A800300E32 /* Release */ = {
			isa = XCBuildConfiguration;
			buildSettings = {
				ALWAYS_SEARCH_USER_PATHS = NO;
				CLANG_ANALYZER_NONNULL = YES;
				CLANG_ANALYZER_NUMBER_OBJECT_CONVERSION = YES_AGGRESSIVE;
				CLANG_CXX_LANGUAGE_STANDARD = "gnu++14";
				CLANG_CXX_LIBRARY = "libc++";
				CLANG_ENABLE_MODULES = YES;
				CLANG_ENABLE_OBJC_ARC = YES;
				CLANG_ENABLE_OBJC_WEAK = YES;
				CLANG_WARN_BLOCK_CAPTURE_AUTORELEASING = YES;
				CLANG_WARN_BOOL_CONVERSION = YES;
				CLANG_WARN_COMMA = YES;
				CLANG_WARN_CONSTANT_CONVERSION = YES;
				CLANG_WARN_DEPRECATED_OBJC_IMPLEMENTATIONS = YES;
				CLANG_WARN_DIRECT_OBJC_ISA_USAGE = YES_ERROR;
				CLANG_WARN_DOCUMENTATION_COMMENTS = YES;
				CLANG_WARN_EMPTY_BODY = YES;
				CLANG_WARN_ENUM_CONVERSION = YES;
				CLANG_WARN_INFINITE_RECURSION = YES;
				CLANG_WARN_INT_CONVERSION = YES;
				CLANG_WARN_NON_LITERAL_NULL_CONVERSION = YES;
				CLANG_WARN_OBJC_IMPLICIT_RETAIN_SELF = YES;
				CLANG_WARN_OBJC_LITERAL_CONVERSION = YES;
				CLANG_WARN_OBJC_ROOT_CLASS = YES_ERROR;
				CLANG_WARN_RANGE_LOOP_ANALYSIS = YES;
				CLANG_WARN_STRICT_PROTOTYPES = YES;
				CLANG_WARN_SUSPICIOUS_MOVE = YES;
				CLANG_WARN_UNGUARDED_AVAILABILITY = YES_AGGRESSIVE;
				CLANG_WARN_UNREACHABLE_CODE = YES;
				CLANG_WARN__DUPLICATE_METHOD_MATCH = YES;
				COPY_PHASE_STRIP = NO;
				DEBUG_INFORMATION_FORMAT = "dwarf-with-dsym";
				ENABLE_NS_ASSERTIONS = NO;
				ENABLE_STRICT_OBJC_MSGSEND = YES;
				GCC_C_LANGUAGE_STANDARD = gnu11;
				GCC_NO_COMMON_BLOCKS = YES;
				GCC_WARN_64_TO_32_BIT_CONVERSION = YES;
				GCC_WARN_ABOUT_RETURN_TYPE = YES_ERROR;
				GCC_WARN_UNDECLARED_SELECTOR = YES;
				GCC_WARN_UNINITIALIZED_AUTOS = YES_AGGRESSIVE;
				GCC_WARN_UNUSED_FUNCTION = YES;
				GCC_WARN_UNUSED_VARIABLE = YES;
				IPHONEOS_DEPLOYMENT_TARGET = 13.2;
				MTL_ENABLE_DEBUG_INFO = NO;
				MTL_FAST_MATH = YES;
				SDKROOT = iphoneos;
				SWIFT_COMPILATION_MODE = wholemodule;
				SWIFT_OPTIMIZATION_LEVEL = "-O";
				VALIDATE_PRODUCT = YES;
			};
			name = Release;
		};
		CA09C649242BB5A800300E32 /* Debug */ = {
			isa = XCBuildConfiguration;
			buildSettings = {
				ASSETCATALOG_COMPILER_APPICON_NAME = AppIcon;
				CODE_SIGN_STYLE = Automatic;
				DEVELOPMENT_ASSET_PATHS = "\"ActivityIndicator/Preview Content\"";
				DEVELOPMENT_TEAM = 38R82CD868;
				ENABLE_PREVIEWS = YES;
				INFOPLIST_FILE = ActivityIndicator/Info.plist;
				LD_RUNPATH_SEARCH_PATHS = (
					"$(inherited)",
					"@executable_path/Frameworks",
				);
				PRODUCT_BUNDLE_IDENTIFIER = it.swiftkick.ActivityIndicator;
				PRODUCT_NAME = "$(TARGET_NAME)";
				SWIFT_VERSION = 5.0;
				TARGETED_DEVICE_FAMILY = "1,2";
			};
			name = Debug;
		};
		CA09C64A242BB5A800300E32 /* Release */ = {
			isa = XCBuildConfiguration;
			buildSettings = {
				ASSETCATALOG_COMPILER_APPICON_NAME = AppIcon;
				CODE_SIGN_STYLE = Automatic;
				DEVELOPMENT_ASSET_PATHS = "\"ActivityIndicator/Preview Content\"";
				DEVELOPMENT_TEAM = 38R82CD868;
				ENABLE_PREVIEWS = YES;
				INFOPLIST_FILE = ActivityIndicator/Info.plist;
				LD_RUNPATH_SEARCH_PATHS = (
					"$(inherited)",
					"@executable_path/Frameworks",
				);
				PRODUCT_BUNDLE_IDENTIFIER = it.swiftkick.ActivityIndicator;
				PRODUCT_NAME = "$(TARGET_NAME)";
				SWIFT_VERSION = 5.0;
				TARGETED_DEVICE_FAMILY = "1,2";
			};
			name = Release;
		};
/* End XCBuildConfiguration section */

/* Begin XCConfigurationList section */
		CA09C62F242BB5A600300E32 /* Build configuration list for PBXProject "ActivityIndicator" */ = {
			isa = XCConfigurationList;
			buildConfigurations = (
				CA09C646242BB5A800300E32 /* Debug */,
				CA09C647242BB5A800300E32 /* Release */,
			);
			defaultConfigurationIsVisible = 0;
			defaultConfigurationName = Release;
		};
		CA09C648242BB5A800300E32 /* Build configuration list for PBXNativeTarget "ActivityIndicator" */ = {
			isa = XCConfigurationList;
			buildConfigurations = (
				CA09C649242BB5A800300E32 /* Debug */,
				CA09C64A242BB5A800300E32 /* Release */,
			);
			defaultConfigurationIsVisible = 0;
			defaultConfigurationName = Release;
		};
/* End XCConfigurationList section */
	};
	rootObject = CA09C62C242BB5A600300E32 /* Project object */;
}
